{
  "name": "MedAi",
  "lockfileVersion": 3,
  "requires": true,
  "packages": {
    "": {
      "dependencies": {
        "@supabase/supabase-js": "^2.108.2",
        "react-joyride": "^3.2.0",
        "rehype-raw": "^7.0.0"
      }
    },
    "node_modules/@fastify/deepmerge": {
      "version": "3.2.1",
      "resolved": "https://registry.npmjs.org/@fastify/deepmerge/-/deepmerge-3.2.1.tgz",
      "integrity": "sha512-N5Oqvltoa2r9z1tbx4xjky0oRR60v+T47Ic4J1ukoVQcptLOrIdRnCSdTGmOmajZuHVKlTnfcmrjyqsGEW1ztA==",
      "funding": [
        {
          "type": "github",
          "url": "https://github.com/sponsors/fastify"
        },
        {
          "type": "opencollective",
          "url": "https://opencollective.com/fastify"
        }
      ],
      "license": "MIT"
    },
    "node_modules/@floating-ui/core": {
      "version": "1.8.0",
      "resolved": "https://registry.npmjs.org/@floating-ui/core/-/core-1.8.0.tgz",
      "integrity": "sha512-0CIZ5itps/8x7BG8dEIhs53BvCUH2PCoogtakwRTut+Arm58sJooJ0AuZhLw2HJYIR5cMLNPBSS728sPho2khQ==",
      "license": "MIT",
      "dependencies": {
        "@floating-ui/utils": "^0.2.12"
      }
    },
    "node_modules/@floating-ui/dom": {
      "version": "1.8.0",
      "resolved": "https://registry.npmjs.org/@floating-ui/dom/-/dom-1.8.0.tgz",
      "integrity": "sha512-yXSrzeHZBTZadLOlfyhCkJHNeLJnHRnRInwdZ40L7ZiaAtrBwoYlsDrX3v5zB1Utk7CLfzcOVnVVWoXEky7Ceg==",
      "license": "MIT",
      "dependencies": {
        "@floating-ui/core": "^1.8.0",
        "@floating-ui/utils": "^0.2.12"
      }
    },
    "node_modules/@floating-ui/react-dom": {
      "version": "2.1.9",
      "resolved": "https://registry.npmjs.org/@floating-ui/react-dom/-/react-dom-2.1.9.tgz",
      "integrity": "sha512-JDjEFGCpImxDCA7JJKviA0M9+RtmJdj0m/NVU5IMgBK+AmZouAQQ7/+2GLH0GXXY0YMw9oXPB8hKdbPYg5QLYg==",
      "license": "MIT",
      "dependencies": {
        "@floating-ui/dom": "^1.8.0"
      },
      "peerDependencies": {
        "react": ">=16.8.0",
        "react-dom": ">=16.8.0"
      }
    },
    "node_modules/@floating-ui/utils": {
      "version": "0.2.12",
      "resolved": "https://registry.npmjs.org/@floating-ui/utils/-/utils-0.2.12.tgz",
      "integrity": "sha512-HpCo8tmWzLVad5s2d19EhAz5zqrrQ6s69qd6moPMQvkOuSwDT1YgRfWSVuc4ennqrgv3OHppiOGMQ7oC13yIww==",
      "license": "MIT"
    },
    "node_modules/@gilbarbara/deep-equal": {
      "version": "0.4.1",
      "resolved": "https://registry.npmjs.org/@gilbarbara/deep-equal/-/deep-equal-0.4.1.tgz",
      "integrity": "sha512-QF2BGeQjsa59T59XvFdR3is5jrl28Eg0J6giXAC5919bcqvR8XP4B+07tpbs6Y6/IQd4FBncaL2WVXIBgSxt4w==",
      "license": "MIT"
    },
    "node_modules/@gilbarbara/hooks": {
      "version": "0.11.0",
      "resolved": "https://registry.npmjs.org/@gilbarbara/hooks/-/hooks-0.11.0.tgz",
      "integrity": "sha512-CIVazdxqFRplUfm9wZL3/0X1TURJekhPMWGFdWzEmyJrGPiotX2yxA1KiB8N7VnhawIaMtb2Apnda4Y6DRwi2Q==",
      "license": "MIT",
      "dependencies": {
        "@gilbarbara/deep-equal": "^0.4.1"
      },
      "peerDependencies": {
        "react": "16.8 - 19"
      }
    },
    "node_modules/@gilbarbara/types": {
      "version": "0.2.2",
      "resolved": "https://registry.npmjs.org/@gilbarbara/types/-/types-0.2.2.tgz",
      "integrity": "sha512-QuQDBRRcm1Q8AbSac2W1YElurOhprj3Iko/o+P1fJxUWS4rOGKMVli98OXS7uo4z+cKAif6a+L9bcZFSyauQpQ==",
      "license": "MIT",
      "dependencies": {
        "type-fest": "^4.1.0"
      }
    },
    "node_modules/@supabase/auth-js": {
      "version": "2.108.2",
      "resolved": "https://registry.npmjs.org/@supabase/auth-js/-/auth-js-2.108.2.tgz",
      "integrity": "sha512-tNaQmBgodDZwgB40mRwVbxFy8IDYwjdpcZ0BYrWiwlULCSQoJj4QoG4zgJT7QRPXcqipefNOzvO/qAu4dF98ag==",
      "license": "MIT",
      "dependencies": {
        "tslib": "2.8.1"
      },
      "engines": {
        "node": ">=20.0.0"
      }
    },
    "node_modules/@supabase/functions-js": {
      "version": "2.108.2",
      "resolved": "https://registry.npmjs.org/@supabase/functions-js/-/functions-js-2.108.2.tgz",
      "integrity": "sha512-RNUX8EiBy3iLwAX19jtRzLyePnl11/fHcgwDHLnpKcDSXt/5qBnh3LUwAtIjT21Q66QsmNUR2esrHziLCpNubw==",
      "license": "MIT",
      "dependencies": {
        "tslib": "2.8.1"
      },
      "engines": {
        "node": ">=20.0.0"
      }
    },
    "node_modules/@supabase/phoenix": {
      "version": "0.4.4",
      "resolved": "https://registry.npmjs.org/@supabase/phoenix/-/phoenix-0.4.4.tgz",
      "integrity": "sha512-Gt0pqoXuIqX/8dvG0OKp/wMCobXNH3klNbUPBNyOfN0YA1IswrM3HyWFMOPk1Jy+BRaIyDPcFx4jLBwHNmlyfQ==",
      "license": "MIT"
    },
    "node_modules/@supabase/postgrest-js": {
      "version": "2.108.2",
      "resolved": "https://registry.npmjs.org/@supabase/postgrest-js/-/postgrest-js-2.108.2.tgz",
      "integrity": "sha512-GQ28/Y8hk3CFmkb3kXH1h/AQx6JIYSQfO0CJMRVBcEKZoNy6C45cXAZ4fcJvRC5Id0cs6xnkUV0+c0rIocigsw==",
      "license": "MIT",
      "dependencies": {
        "tslib": "2.8.1"
      },
      "engines": {
        "node": ">=20.0.0"
      }
    },
    "node_modules/@supabase/realtime-js": {
      "version": "2.108.2",
      "resolved": "https://registry.npmjs.org/@supabase/realtime-js/-/realtime-js-2.108.2.tgz",
      "integrity": "sha512-aAGxCSUemZvQIibnCdvNvgaKib28I4rfrNjKbQ9cG1uBLwUsI7hVpGXgEbypCCDhLjQlDTAiJlu7rgljYUT73g==",
      "license": "MIT",
      "dependencies": {
        "@supabase/phoenix": "^0.4.2",
        "tslib": "2.8.1"
      },
      "engines": {
        "node": ">=20.0.0"
      }
    },
    "node_modules/@supabase/storage-js": {
      "version": "2.108.2",
      "resolved": "https://registry.npmjs.org/@supabase/storage-js/-/storage-js-2.108.2.tgz",
      "integrity": "sha512-TVZPQxXGxY2+A6yTtm77zUHsh70lBhYUEaJL8RQC+BghcX/ygiMG/rmXrNVBce30/WAeNPa8FiG8HbqlGeV05g==",
      "license": "MIT",
      "dependencies": {
        "iceberg-js": "^0.8.1",
        "tslib": "2.8.1"
      },
      "engines": {
        "node": ">=20.0.0"
      }
    },
    "node_modules/@supabase/supabase-js": {
      "version": "2.108.2",
      "resolved": "https://registry.npmjs.org/@supabase/supabase-js/-/supabase-js-2.108.2.tgz",
      "integrity": "sha512-hFhnPveb5JQg4a0QYicM0swT253YHMdfeRAl2BKHOlI5VAzuHxUGSr8RbwNLYNPauWOgQMS1H8sz8bvYlgwUfQ==",
      "license": "MIT",
      "dependencies": {
        "@supabase/auth-js": "2.108.2",
        "@supabase/functions-js": "2.108.2",
        "@supabase/postgrest-js": "2.108.2",
        "@supabase/realtime-js": "2.108.2",
        "@supabase/storage-js": "2.108.2"
      },
      "engines": {
        "node": ">=20.0.0"
      }
    },
    "node_modules/@types/hast": {
      "version": "3.0.5",
      "resolved": "https://registry.npmjs.org/@types/hast/-/hast-3.0.5.tgz",
      "integrity": "sha512-rp/ezSWaD1m44dPKICGhiskI13nVr7qTloFwDa/IYkhhf5nzwP+zIQcIJh3WIFSBOy/H1PzB40jPjMDksN4F+g==",
      "license": "MIT",
      "dependencies": {
        "@types/unist": "*"
      }
    },
    "node_modules/@types/mdast": {
      "version": "4.0.4",
      "resolved": "https://registry.npmjs.org/@types/mdast/-/mdast-4.0.4.tgz",
      "integrity": "sha512-kGaNbPh1k7AFzgpud/gMdvIm5xuECykRR+JnWKQno9TAXVa6WIVCGTPvYGekIDL4uwCZQSYbUxNBSb1aUo79oA==",
      "license": "MIT",
      "dependencies": {
        "@types/unist": "*"
      }
    },
    "node_modules/@types/react": {
      "version": "19.2.18",
      "resolved": "https://registry.npmjs.org/@types/react/-/react-19.2.18.tgz",
      "integrity": "sha512-AnzbBERsrLKtk2XSfTbYRLjQPdy116Sty4q+T+Bp3IC4l6jNBvreVPAHmpq9qhXQM7CXZPjLVmGMw9sy+hxQ3w==",
      "license": "MIT",
      "peer": true,
      "dependencies": {
        "csstype": "^3.2.2"
      }
    },
    "node_modules/@types/unist": {
      "version": "3.0.3",
      "resolved": "https://registry.npmjs.org/@types/unist/-/unist-3.0.3.tgz",
      "integrity": "sha512-ko/gIFJRv177XgZsZcBwnqJN5x/Gien8qNOn0D5bQU/zAzVf9Zt3BlcUiLqhV9y4ARk0GbT3tnUiPNgnTXzc/Q==",
      "license": "MIT"
    },
    "node_modules/@ungap/structured-clone": {
      "version": "1.4.0",
      "resolved": "https://registry.npmjs.org/@ungap/structured-clone/-/structured-clone-1.4.0.tgz",
      "integrity": "sha512-1mEZtMKPM09vDmQt5y7YvmN2+DFTP7Tg0EWXdic8/C6VRnpb33e4ghisCIE3WZjsE2N8mf+QV1Zqh7ZFYLWInQ==",
      "license": "ISC"
    },
    "node_modules/comma-separated-tokens": {
      "version": "2.0.3",
      "resolved": "https://registry.npmjs.org/comma-separated-tokens/-/comma-separated-tokens-2.0.3.tgz",
      "integrity": "sha512-Fu4hJdvzeylCfQPp9SGWidpzrMs7tTrlu6Vb8XGaRGck8QSNZJJp538Wrb60Lax4fPwR64ViY468OIUTbRlGZg==",
      "license": "MIT",
      "funding": {
        "type": "github",
        "url": "https://github.com/sponsors/wooorm"
      }
    },
    "node_modules/csstype": {
      "version": "3.2.3",
      "resolved": "https://registry.npmjs.org/csstype/-/csstype-3.2.3.tgz",
      "integrity": "sha512-z1HGKcYy2xA8AGQfwrn0PAy+PB7X/GSj3UVJW9qKyn43xWa+gl5nXmU4qqLMRzWVLFC8KusUX8T/0kCiOYpAIQ==",
      "license": "MIT",
      "peer": true
    },
    "node_modules/dequal": {
      "version": "2.0.3",
      "resolved": "https://registry.npmjs.org/dequal/-/dequal-2.0.3.tgz",
      "integrity": "sha512-0je+qPKHEMohvfRTCEo3CrPG6cAzAYgmzKyxRiYSSDkS6eGJdyVJm7WaYA5ECaAD9wLB2T4EEeymA5aFVcYXCA==",
      "license": "MIT",
      "engines": {
        "node": ">=6"
      }
    },
    "node_modules/devlop": {
      "version": "1.1.0",
      "resolved": "https://registry.npmjs.org/devlop/-/devlop-1.1.0.tgz",
      "integrity": "sha512-RWmIqhcFf1lRYBvNmr7qTNuyCt/7/ns2jbpp1+PalgE/rDQcBT0fioSMUpJ93irlUhC5hrg4cYqe6U+0ImW0rA==",
      "license": "MIT",
      "dependencies": {
        "dequal": "^2.0.0"
      },
      "funding": {
        "type": "github",
        "url": "https://github.com/sponsors/wooorm"
      }
    },
    "node_modules/entities": {
      "version": "6.0.1",
      "resolved": "https://registry.npmjs.org/entities/-/entities-6.0.1.tgz",
      "integrity": "sha512-aN97NXWF6AWBTahfVOIrB/NShkzi5H7F9r1s9mD3cDj4Ko5f2qhhVoYMibXF7GlLveb/D2ioWay8lxI97Ven3g==",
      "license": "BSD-2-Clause",
      "engines": {
        "node": ">=0.12"
      },
      "funding": {
        "url": "https://github.com/fb55/entities?sponsor=1"
      }
    },
    "node_modules/hast-util-from-parse5": {
      "version": "8.0.3",
      "resolved": "https://registry.npmjs.org/hast-util-from-parse5/-/hast-util-from-parse5-8.0.3.tgz",
      "integrity": "sha512-3kxEVkEKt0zvcZ3hCRYI8rqrgwtlIOFMWkbclACvjlDw8Li9S2hk/d51OI0nr/gIpdMHNepwgOKqZ/sy0Clpyg==",
      "license": "MIT",
      "dependencies": {
        "@types/hast": "^3.0.0",
        "@types/unist": "^3.0.0",
        "devlop": "^1.0.0",
        "hastscript": "^9.0.0",
        "property-information": "^7.0.0",
        "vfile": "^6.0.0",
        "vfile-location": "^5.0.0",
        "web-namespaces": "^2.0.0"
      },
      "funding": {
        "type": "opencollective",
        "url": "https://opencollective.com/unified"
      }
    },
    "node_modules/hast-util-parse-selector": {
      "version": "4.0.0",
      "resolved": "https://registry.npmjs.org/hast-util-parse-selector/-/hast-util-parse-selector-4.0.0.tgz",
      "integrity": "sha512-wkQCkSYoOGCRKERFWcxMVMOcYE2K1AaNLU8DXS9arxnLOUEWbOXKXiJUNzEpqZ3JOKpnha3jkFrumEjVliDe7A==",
      "license": "MIT",
      "dependencies": {
        "@types/hast": "^3.0.0"
      },
      "funding": {
        "type": "opencollective",
        "url": "https://opencollective.com/unified"
      }
    },
    "node_modules/hast-util-raw": {
      "version": "9.1.0",
      "resolved": "https://registry.npmjs.org/hast-util-raw/-/hast-util-raw-9.1.0.tgz",
      "integrity": "sha512-Y8/SBAHkZGoNkpzqqfCldijcuUKh7/su31kEBp67cFY09Wy0mTRgtsLYsiIxMJxlu0f6AA5SUTbDR8K0rxnbUw==",
      "license": "MIT",
      "dependencies": {
        "@types/hast": "^3.0.0",
        "@types/unist": "^3.0.0",
        "@ungap/structured-clone": "^1.0.0",
        "hast-util-from-parse5": "^8.0.0",
        "hast-util-to-parse5": "^8.0.0",
        "html-void-elements": "^3.0.0",
        "mdast-util-to-hast": "^13.0.0",
        "parse5": "^7.0.0",
        "unist-util-position": "^5.0.0",
        "unist-util-visit": "^5.0.0",
        "vfile": "^6.0.0",
        "web-namespaces": "^2.0.0",
        "zwitch": "^2.0.0"
      },
      "funding": {
        "type": "opencollective",
        "url": "https://opencollective.com/unified"
      }
    },
    "node_modules/hast-util-to-parse5": {
      "version": "8.0.1",
      "resolved": "https://registry.npmjs.org/hast-util-to-parse5/-/hast-util-to-parse5-8.0.1.tgz",
      "integrity": "sha512-MlWT6Pjt4CG9lFCjiz4BH7l9wmrMkfkJYCxFwKQic8+RTZgWPuWxwAfjJElsXkex7DJjfSJsQIt931ilUgmwdA==",
      "license": "MIT",
      "dependencies": {
        "@types/hast": "^3.0.0",
        "comma-separated-tokens": "^2.0.0",
        "devlop": "^1.0.0",
        "property-information": "^7.0.0",
        "space-separated-tokens": "^2.0.0",
        "web-namespaces": "^2.0.0",
        "zwitch": "^2.0.0"
      },
      "funding": {
        "type": "opencollective",
        "url": "https://opencollective.com/unified"
      }
    },
    "node_modules/hastscript": {
      "version": "9.0.1",
      "resolved": "https://registry.npmjs.org/hastscript/-/hastscript-9.0.1.tgz",
      "integrity": "sha512-g7df9rMFX/SPi34tyGCyUBREQoKkapwdY/T04Qn9TDWfHhAYt4/I0gMVirzK5wEzeUqIjEB+LXC/ypb7Aqno5w==",
      "license": "MIT",
      "dependencies": {
        "@types/hast": "^3.0.0",
        "comma-separated-tokens": "^2.0.0",
        "hast-util-parse-selector": "^4.0.0",
        "property-information": "^7.0.0",
        "space-separated-tokens": "^2.0.0"
      },
      "funding": {
        "type": "opencollective",
        "url": "https://opencollective.com/unified"
      }
    },
    "node_modules/html-void-elements": {
      "version": "3.0.0",
      "resolved": "https://registry.npmjs.org/html-void-elements/-/html-void-elements-3.0.0.tgz",
      "integrity": "sha512-bEqo66MRXsUGxWHV5IP0PUiAWwoEjba4VCzg0LjFJBpchPaTfyfCKTG6bc5F8ucKec3q5y6qOdGyYTSBEvhCrg==",
      "license": "MIT",
      "funding": {
        "type": "github",
        "url": "https://github.com/sponsors/wooorm"
      }
    },
    "node_modules/iceberg-js": {
      "version": "0.8.1",
      "resolved": "https://registry.npmjs.org/iceberg-js/-/iceberg-js-0.8.1.tgz",
      "integrity": "sha512-1dhVQZXhcHje7798IVM+xoo/1ZdVfzOMIc8/rgVSijRK38EDqOJoGula9N/8ZI5RD8QTxNQtK/Gozpr+qUqRRA==",
      "license": "MIT",
      "engines": {
        "node": ">=20.0.0"
      }
    },
    "node_modules/is-lite": {
      "version": "2.0.0",
      "resolved": "https://registry.npmjs.org/is-lite/-/is-lite-2.0.0.tgz",
      "integrity": "sha512-70f2BMIQlbSUXVKaZUd9a9fJH3IH1PDckV0m4BIIO4LjnNYvOh4Ng7vXIXEwpA0KDZknRq+7fHwGTu0jIdx28g==",
      "license": "MIT"
    },
    "node_modules/mdast-util-to-hast": {
      "version": "13.2.1",
      "resolved": "https://registry.npmjs.org/mdast-util-to-hast/-/mdast-util-to-hast-13.2.1.tgz",
      "integrity": "sha512-cctsq2wp5vTsLIcaymblUriiTcZd0CwWtCbLvrOzYCDZoWyMNV8sZ7krj09FSnsiJi3WVsHLM4k6Dq/yaPyCXA==",
      "license": "MIT",
      "dependencies": {
        "@types/hast": "^3.0.0",
        "@types/mdast": "^4.0.0",
        "@ungap/structured-clone": "^1.0.0",
        "devlop": "^1.0.0",
        "micromark-util-sanitize-uri": "^2.0.0",
        "trim-lines": "^3.0.0",
        "unist-util-position": "^5.0.0",
        "unist-util-visit": "^5.0.0",
        "vfile": "^6.0.0"
      },
      "funding": {
        "type": "opencollective",
        "url": "https://opencollective.com/unified"
      }
    },
    "node_modules/micromark-util-character": {
      "version": "2.1.1",
      "resolved": "https://registry.npmjs.org/micromark-util-character/-/micromark-util-character-2.1.1.tgz",
      "integrity": "sha512-wv8tdUTJ3thSFFFJKtpYKOYiGP2+v96Hvk4Tu8KpCAsTMs6yi+nVmGh1syvSCsaxz45J6Jbw+9DD6g97+NV67Q==",
      "funding": [
        {
          "type": "GitHub Sponsors",
          "url": "https://github.com/sponsors/unifiedjs"
        },
        {
          "type": "OpenCollective",
          "url": "https://opencollective.com/unified"
        }
      ],
      "license": "MIT",
      "dependencies": {
        "micromark-util-symbol": "^2.0.0",
        "micromark-util-types": "^2.0.0"
      }
    },
    "node_modules/micromark-util-encode": {
      "version": "2.0.1",
      "resolved": "https://registry.npmjs.org/micromark-util-encode/-/micromark-util-encode-2.0.1.tgz",
      "integrity": "sha512-c3cVx2y4KqUnwopcO9b/SCdo2O67LwJJ/UyqGfbigahfegL9myoEFoDYZgkT7f36T0bLrM9hZTAaAyH+PCAXjw==",
      "funding": [
        {
          "type": "GitHub Sponsors",
          "url": "https://github.com/sponsors/unifiedjs"
        },
        {
          "type": "OpenCollective",
          "url": "https://opencollective.com/unified"
        }
      ],
      "license": "MIT"
    },
    "node_modules/micromark-util-sanitize-uri": {
      "version": "2.0.1",
      "resolved": "https://registry.npmjs.org/micromark-util-sanitize-uri/-/micromark-util-sanitize-uri-2.0.1.tgz",
      "integrity": "sha512-9N9IomZ/YuGGZZmQec1MbgxtlgougxTodVwDzzEouPKo3qFWvymFHWcnDi2vzV1ff6kas9ucW+o3yzJK9YB1AQ==",
      "funding": [
        {
          "type": "GitHub Sponsors",
          "url": "https://github.com/sponsors/unifiedjs"
        },
        {
          "type": "OpenCollective",
          "url": "https://opencollective.com/unified"
        }
      ],
      "license": "MIT",
      "dependencies": {
        "micromark-util-character": "^2.0.0",
        "micromark-util-encode": "^2.0.0",
        "micromark-util-symbol": "^2.0.0"
      }
    },
    "node_modules/micromark-util-symbol": {
      "version": "2.0.1",
      "resolved": "https://registry.npmjs.org/micromark-util-symbol/-/micromark-util-symbol-2.0.1.tgz",
      "integrity": "sha512-vs5t8Apaud9N28kgCrRUdEed4UJ+wWNvicHLPxCa9ENlYuAY31M0ETy5y1vA33YoNPDFTghEbnh6efaE8h4x0Q==",
      "funding": [
        {
          "type": "GitHub Sponsors",
          "url": "https://github.com/sponsors/unifiedjs"
        },
        {
          "type": "OpenCollective",
          "url": "https://opencollective.com/unified"
        }
      ],
      "license": "MIT"
    },
    "node_modules/micromark-util-types": {
      "version": "2.0.3",
      "resolved": "https://registry.npmjs.org/micromark-util-types/-/micromark-util-types-2.0.3.tgz",
      "integrity": "sha512-oxB2Ik03hI0gv+VNn9tnh1t1YEe9MDPptViAEgfdf3YQHsn0pzGTgCdlSCJXcwhqm8phaEuM7zeEu3QQzVBrPg==",
      "funding": [
        {
          "type": "GitHub Sponsors",
          "url": "https://github.com/sponsors/unifiedjs"
        },
        {
          "type": "OpenCollective",
          "url": "https://opencollective.com/unified"
        }
      ],
      "license": "MIT"
    },
    "node_modules/parse5": {
      "version": "7.3.0",
      "resolved": "https://registry.npmjs.org/parse5/-/parse5-7.3.0.tgz",
      "integrity": "sha512-IInvU7fabl34qmi9gY8XOVxhYyMyuH2xUNpb2q8/Y+7552KlejkRvqvD19nMoUW/uQGGbqNpA6Tufu5FL5BZgw==",
      "license": "MIT",
      "dependencies": {
        "entities": "^6.0.0"
      },
      "funding": {
        "url": "https://github.com/inikulin/parse5?sponsor=1"
      }
    },
    "node_modules/property-information": {
      "version": "7.2.0",
      "resolved": "https://registry.npmjs.org/property-information/-/property-information-7.2.0.tgz",
      "integrity": "sha512-IAtzIB6sUiWaJYrX9smp3V46pBGbBeLFRGdh25kg1334VcBlD8HzhPeNIWQH9zhGmo2itIe25EHt9dQP7G5hmg==",
      "license": "MIT",
      "funding": {
        "type": "github",
        "url": "https://github.com/sponsors/wooorm"
      }
    },
    "node_modules/react": {
      "version": "19.2.8",
      "resolved": "https://registry.npmjs.org/react/-/react-19.2.8.tgz",
      "integrity": "sha512-PWaYA1L/q9u2u7xYQi+Y3L3Yfnie7XyLeaJICV1MGD6LprsBxcAqGjYyr0eY3p+QdsA+x/Irkt4Qif8D63+Sbw==",
      "license": "MIT",
      "peer": true,
      "engines": {
        "node": ">=0.10.0"
      }
    },
    "node_modules/react-dom": {
      "version": "19.2.8",
      "resolved": "https://registry.npmjs.org/react-dom/-/react-dom-19.2.8.tgz",
      "integrity": "sha512-rVprimfGBG3DR+Tq0IQG2DT5PxKth1WIGDmj5yPmlzr4YBe7uyE+Du4oVqTDXZSHGGGXRtTJEGSSePyQCMBglQ==",
      "license": "MIT",
      "peer": true,
      "dependencies": {
        "scheduler": "^0.27.0"
      },
      "peerDependencies": {
        "react": "^19.2.8"
      }
    },
    "node_modules/react-innertext": {
      "version": "1.1.5",
      "resolved": "https://registry.npmjs.org/react-innertext/-/react-innertext-1.1.5.tgz",
      "integrity": "sha512-PWAqdqhxhHIv80dT9znP2KvS+hfkbRovFp4zFYHFFlOoQLRiawIic81gKb3U1wEyJZgMwgs3JoLtwryASRWP3Q==",
      "license": "MIT",
      "peerDependencies": {
        "@types/react": ">=0.0.0 <=99",
        "react": ">=0.0.0 <=99"
      }
    },
    "node_modules/react-joyride": {
      "version": "3.2.0",
      "resolved": "https://registry.npmjs.org/react-joyride/-/react-joyride-3.2.0.tgz",
      "integrity": "sha512-UrA/XWdWElMLNnjZt2eWmPFmpHl1IZ2CeI9XhS+PuEVvfqHMD9U4tavCq1csDAGVoj0YEGfaCDmhZwgNc9yE2g==",
      "license": "MIT",
      "dependencies": {
        "@fastify/deepmerge": "^3.2.1",
        "@floating-ui/react-dom": "^2.1.8",
        "@gilbarbara/deep-equal": "^0.4.1",
        "@gilbarbara/hooks": "^0.11.0",
        "@gilbarbara/types": "^0.2.2",
        "is-lite": "^2.0.0",
        "react-innertext": "^1.1.5",
        "scroll": "^3.0.1",
        "scrollparent": "^2.1.0",
        "use-sync-external-store": "^1.6.0"
      },
      "peerDependencies": {
        "react": "16.8 - 19",
        "react-dom": "16.8 - 19"
      }
    },
    "node_modules/rehype-raw": {
      "version": "7.0.0",
      "resolved": "https://registry.npmjs.org/rehype-raw/-/rehype-raw-7.0.0.tgz",
      "integrity": "sha512-/aE8hCfKlQeA8LmyeyQvQF3eBiLRGNlfBJEvWH7ivp9sBqs7TNqBL5X3v157rM4IFETqDnIOO+z5M/biZbo9Ww==",
      "license": "MIT",
      "dependencies": {
        "@types/hast": "^3.0.0",
        "hast-util-raw": "^9.0.0",
        "vfile": "^6.0.0"
      },
      "funding": {
        "type": "opencollective",
        "url": "https://opencollective.com/unified"
      }
    },
    "node_modules/scheduler": {
      "version": "0.27.0",
      "resolved": "https://registry.npmjs.org/scheduler/-/scheduler-0.27.0.tgz",
      "integrity": "sha512-eNv+WrVbKu1f3vbYJT/xtiF5syA5HPIMtf9IgY/nKg0sWqzAUEvqY/xm7OcZc/qafLx/iO9FgOmeSAp4v5ti/Q==",
      "license": "MIT",
      "peer": true
    },
    "node_modules/scroll": {
      "version": "3.0.1",
      "resolved": "https://registry.npmjs.org/scroll/-/scroll-3.0.1.tgz",
      "integrity": "sha512-pz7y517OVls1maEzlirKO5nPYle9AXsFzTMNJrRGmT951mzpIBy7sNHOg5o/0MQd/NqliCiWnAi0kZneMPFLcg==",
      "license": "MIT"
    },
    "node_modules/scrollparent": {
      "version": "2.1.0",
      "resolved": "https://registry.npmjs.org/scrollparent/-/scrollparent-2.1.0.tgz",
      "integrity": "sha512-bnnvJL28/Rtz/kz2+4wpBjHzWoEzXhVg/TE8BeVGJHUqE8THNIRnDxDWMktwM+qahvlRdvlLdsQfYe+cuqfZeA==",
      "license": "ISC"
    },
    "node_modules/space-separated-tokens": {
      "version": "2.0.2",
      "resolved": "https://registry.npmjs.org/space-separated-tokens/-/space-separated-tokens-2.0.2.tgz",
      "integrity": "sha512-PEGlAwrG8yXGXRjW32fGbg66JAlOAwbObuqVoJpv/mRgoWDQfgH1wDPvtzWyUSNAXBGSk8h755YDbbcEy3SH2Q==",
      "license": "MIT",
      "funding": {
        "type": "github",
        "url": "https://github.com/sponsors/wooorm"
      }
    },
    "node_modules/trim-lines": {
      "version": "3.0.1",
      "resolved": "https://registry.npmjs.org/trim-lines/-/trim-lines-3.0.1.tgz",
      "integrity": "sha512-kRj8B+YHZCc9kQYdWfJB2/oUl9rA99qbowYYBtr4ui4mZyAQ2JpvVBd/6U2YloATfqBhBTSMhTpgBHtU0Mf3Rg==",
      "license": "MIT",
      "funding": {
        "type": "github",
        "url": "https://github.com/sponsors/wooorm"
      }
    },
    "node_modules/tslib": {
      "version": "2.8.1",
      "resolved": "https://registry.npmjs.org/tslib/-/tslib-2.8.1.tgz",
      "integrity": "sha512-oJFu94HQb+KVduSUQL7wnpmqnfmLsOA/nAh6b6EH0wCEoK0/mPeXU6c3wKDV83MkOuHPRHtSXKKU99IBazS/2w==",
      "license": "0BSD"
    },
    "node_modules/type-fest": {
      "version": "4.41.0",
      "resolved": "https://registry.npmjs.org/type-fest/-/type-fest-4.41.0.tgz",
      "integrity": "sha512-TeTSQ6H5YHvpqVwBRcnLDCBnDOHWYu7IvGbHT6N8AOymcr9PJGjc1GTtiWZTYg0NCgYwvnYWEkVChQAr9bjfwA==",
      "license": "(MIT OR CC0-1.0)",
      "engines": {
        "node": ">=16"
      },
      "funding": {
        "url": "https://github.com/sponsors/sindresorhus"
      }
    },
    "node_modules/unist-util-is": {
      "version": "6.0.1",
      "resolved": "https://registry.npmjs.org/unist-util-is/-/unist-util-is-6.0.1.tgz",
      "integrity": "sha512-LsiILbtBETkDz8I9p1dQ0uyRUWuaQzd/cuEeS1hoRSyW5E5XGmTzlwY1OrNzzakGowI9Dr/I8HVaw4hTtnxy8g==",
      "license": "MIT",
      "dependencies": {
        "@types/unist": "^3.0.0"
      },
      "funding": {
        "type": "opencollective",
        "url": "https://opencollective.com/unified"
      }
    },
    "node_modules/unist-util-position": {
      "version": "5.0.0",
      "resolved": "https://registry.npmjs.org/unist-util-position/-/unist-util-position-5.0.0.tgz",
      "integrity": "sha512-fucsC7HjXvkB5R3kTCO7kUjRdrS0BJt3M/FPxmHMBOm8JQi2BsHAHFsy27E0EolP8rp0NzXsJ+jNPyDWvOJZPA==",
      "license": "MIT",
      "dependencies": {
        "@types/unist": "^3.0.0"
      },
      "funding": {
        "type": "opencollective",
        "url": "https://opencollective.com/unified"
      }
    },
    "node_modules/unist-util-stringify-position": {
      "version": "4.0.0",
      "resolved": "https://registry.npmjs.org/unist-util-stringify-position/-/unist-util-stringify-position-4.0.0.tgz",
      "integrity": "sha512-0ASV06AAoKCDkS2+xw5RXJywruurpbC4JZSm7nr7MOt1ojAzvyyaO+UxZf18j8FCF6kmzCZKcAgN/yu2gm2XgQ==",
      "license": "MIT",
      "dependencies": {
        "@types/unist": "^3.0.0"
      },
      "funding": {
        "type": "opencollective",
        "url": "https://opencollective.com/unified"
      }
    },
    "node_modules/unist-util-visit": {
      "version": "5.1.0",
      "resolved": "https://registry.npmjs.org/unist-util-visit/-/unist-util-visit-5.1.0.tgz",
      "integrity": "sha512-m+vIdyeCOpdr/QeQCu2EzxX/ohgS8KbnPDgFni4dQsfSCtpz8UqDyY5GjRru8PDKuYn7Fq19j1CQ+nJSsGKOzg==",
      "license": "MIT",
      "dependencies": {
        "@types/unist": "^3.0.0",
        "unist-util-is": "^6.0.0",
        "unist-util-visit-parents": "^6.0.0"
      },
      "funding": {
        "type": "opencollective",
        "url": "https://opencollective.com/unified"
      }
    },
    "node_modules/unist-util-visit-parents": {
      "version": "6.0.2",
      "resolved": "https://registry.npmjs.org/unist-util-visit-parents/-/unist-util-visit-parents-6.0.2.tgz",
      "integrity": "sha512-goh1s1TBrqSqukSc8wrjwWhL0hiJxgA8m4kFxGlQ+8FYQ3C/m11FcTs4YYem7V664AhHVvgoQLk890Ssdsr2IQ==",
      "license": "MIT",
      "dependencies": {
        "@types/unist": "^3.0.0",
        "unist-util-is": "^6.0.0"
      },
      "funding": {
        "type": "opencollective",
        "url": "https://opencollective.com/unified"
      }
    },
    "node_modules/use-sync-external-store": {
      "version": "1.6.0",
      "resolved": "https://registry.npmjs.org/use-sync-external-store/-/use-sync-external-store-1.6.0.tgz",
      "integrity": "sha512-Pp6GSwGP/NrPIrxVFAIkOQeyw8lFenOHijQWkUTrDvrF4ALqylP2C/KCkeS9dpUM3KvYRQhna5vt7IL95+ZQ9w==",
      "license": "MIT",
      "peerDependencies": {
        "react": "^16.8.0 || ^17.0.0 || ^18.0.0 || ^19.0.0"
      }
    },
    "node_modules/vfile": {
      "version": "6.0.3",
      "resolved": "https://registry.npmjs.org/vfile/-/vfile-6.0.3.tgz",
      "integrity": "sha512-KzIbH/9tXat2u30jf+smMwFCsno4wHVdNmzFyL+T/L3UGqqk6JKfVqOFOZEpZSHADH1k40ab6NUIXZq422ov3Q==",
      "license": "MIT",
      "dependencies": {
        "@types/unist": "^3.0.0",
        "vfile-message": "^4.0.0"
      },
      "funding": {
        "type": "opencollective",
        "url": "https://opencollective.com/unified"
      }
    },
    "node_modules/vfile-location": {
      "version": "5.0.3",
      "resolved": "https://registry.npmjs.org/vfile-location/-/vfile-location-5.0.3.tgz",
      "integrity": "sha512-5yXvWDEgqeiYiBe1lbxYF7UMAIm/IcopxMHrMQDq3nvKcjPKIhZklUKL+AE7J7uApI4kwe2snsK+eI6UTj9EHg==",
      "license": "MIT",
      "dependencies": {
        "@types/unist": "^3.0.0",
        "vfile": "^6.0.0"
      },
      "funding": {
        "type": "opencollective",
        "url": "https://opencollective.com/unified"
      }
    },
    "node_modules/vfile-message": {
      "version": "4.0.3",
      "resolved": "https://registry.npmjs.org/vfile-message/-/vfile-message-4.0.3.tgz",
      "integrity": "sha512-QTHzsGd1EhbZs4AsQ20JX1rC3cOlt/IWJruk893DfLRr57lcnOeMaWG4K0JrRta4mIJZKth2Au3mM3u03/JWKw==",
      "license": "MIT",
      "dependencies": {
        "@types/unist": "^3.0.0",
        "unist-util-stringify-position": "^4.0.0"
      },
      "funding": {
        "type": "opencollective",
        "url": "https://opencollective.com/unified"
      }
    },
    "node_modules/web-namespaces": {
      "version": "2.0.1",
      "resolved": "https://registry.npmjs.org/web-namespaces/-/web-namespaces-2.0.1.tgz",
      "integrity": "sha512-bKr1DkiNa2krS7qxNtdrtHAmzuYGFQLiQ13TsorsdT6ULTkPLKuu5+GsFpDlg6JFjUTwX2DyhMPG2be8uPrqsQ==",
      "license": "MIT",
      "funding": {
        "type": "github",
        "url": "https://github.com/sponsors/wooorm"
      }
    },
    "node_modules/zwitch": {
      "version": "2.0.4",
      "resolved": "https://registry.npmjs.org/zwitch/-/zwitch-2.0.4.tgz",
      "integrity": "sha512-bXE4cR/kVZhKZX/RjPEflHaKVhUVl85noU3v6b8apfQEc1x4A+zBxjZ4lN8LqGd6WZ3dl98pY4o717VFmoPp+A==",
      "license": "MIT",
      "funding": {
        "type": "github",
        "url": "https://github.com/sponsors/wooorm"
      }
    }
  }
}
